
Microsoft Visual Studio Solution File, Format Version 12.00
# Visual Studio 15
VisualStudioVersion = 15.0.26228.10
MinimumVisualStudioVersion = 10.0.40219.1
Project("{FAE04EC0-301F-11D3-BF4B-00C04F79EFBC}") = "01-Out_Variables_01", "01-Out_Variables_01\01-Out_Variables_01.csproj", "{70B48975-4DF4-4662-BF9F-A8E018087AC3}"
EndProject
Project("{FAE04EC0-301F-11D3-BF4B-00C04F79EFBC}") = "01-Out_Variables_02", "01-Out_Variables_02\01-Out_Variables_02.csproj", "{38796833-6C6D-44F0-8544-4E3CF7CC9D3A}"
EndProject
Project("{FAE04EC0-301F-11D3-BF4B-00C04F79EFBC}") = "01-Out_Variables_03", "01-Out_Variables_03\01-Out_Variables_03.csproj", "{4F660FA1-5859-4151-BE81-2A4377D830A6}"
EndProject
Project("{FAE04EC0-301F-11D3-BF4B-00C04F79EFBC}") = "01-Out_Variables_04", "01-Out_Variables_04\01-Out_Variables_04.csproj", "{A23ABC7D-330D-41E4-B622-7D95C1C19FCC}"
EndProject
Project("{FAE04EC0-301F-11D3-BF4B-00C04F79EFBC}") = "02-Pattern_Matching_01", "02-Pattern_Matching_01\02-Pattern_Matching_01.csproj", "{A325A45E-07AC-4075-83F2-A1AA3F99E00D}"
EndProject
Project("{FAE04EC0-301F-11D3-BF4B-00C04F79EFBC}") = "02-Pattern_Matching_02", "02-Pattern_Matching_02\02-Pattern_Matching_02.csproj", "{F24B5419-858D-42D5-B584-95B1EF8E94B6}"
EndProject
Project("{FAE04EC0-301F-11D3-BF4B-00C04F79EFBC}") = "03-Tuples_01", "03-Tuples_01\03-Tuples_01.csproj", "{A68579DA-5687-4E11-BA77-7B8161BE390D}"
EndProject
Project("{FAE04EC0-301F-11D3-BF4B-00C04F79EFBC}") = "03-Tuples_02", "03-Tuples_02\03-Tuples_02.csproj", "{A5277013-E66A-4D12-964B-9C301F111C74}"
EndProject
Project("{FAE04EC0-301F-11D3-BF4B-00C04F79EFBC}") = "04-Deconstruction_01", "04-Deconstruction_01\04-Deconstruction_01.csproj", "{1ECD9869-E180-4260-9043-CE082DE7B72C}"
EndProject
Project("{FAE04EC0-301F-11D3-BF4B-00C04F79EFBC}") = "04-Deconstruction_02", "04-Deconstruction_02\04-Deconstruction_02.csproj", "{FA0C2C45-5206-4377-8479-480A1E419BA9}"
EndProject
Project("{FAE04EC0-301F-11D3-BF4B-00C04F79EFBC}") = "05-Local_Functions_01", "05-Local_Functions_01\05-Local_Functions_01.csproj", "{4FC27508-FF64-49A6-9070-1B6EF5B28507}"
EndProject
Project("{FAE04EC0-301F-11D3-BF4B-00C04F79EFBC}") = "06-Literal_01", "06-Literal_01\06-Literal_01.csproj", "{68F2D5D7-B658-4BE4-A051-D960452A1760}"
EndProject
Project("{FAE04EC0-301F-11D3-BF4B-00C04F79EFBC}") = "07-Ref_return_And_Locals_01", "07-Ref_return_And_Locals_01\07-Ref_return_And_Locals_01.csproj", "{3D295E08-94A2-4E2E-BCFD-2668AB74C364}"
EndProject
Project("{FAE04EC0-301F-11D3-BF4B-00C04F79EFBC}") = "08_Generalized_async_return_types_01", "08_Generalized_async_return_types_01\08_Generalized_async_return_types_01.csproj", "{F307523B-754B-418C-8A77-E8C7D429F3A0}"
EndProject
Project("{FAE04EC0-301F-11D3-BF4B-00C04F79EFBC}") = "09-More expression bodied members_01", "09-More expression bodied members_01\09-More expression bodied members_01.csproj", "{9E1B3C92-5EF2-4B6F-BCCF-00D2D17824A0}"
EndProject
Global
	GlobalSection(SolutionConfigurationPlatforms) = preSolution
		Debug|Any CPU = Debug|Any CPU
		Release|Any CPU = Release|Any CPU
	EndGlobalSection
	GlobalSection(ProjectConfigurationPlatforms) = postSolution
		{70B48975-4DF4-4662-BF9F-A8E018087AC3}.Debug|Any CPU.ActiveCfg = Debug|Any CPU
		{70B48975-4DF4-4662-BF9F-A8E018087AC3}.Debug|Any CPU.Build.0 = Debug|Any CPU
		{70B48975-4DF4-4662-BF9F-A8E018087AC3}.Release|Any CPU.ActiveCfg = Release|Any CPU
		{70B48975-4DF4-4662-BF9F-A8E018087AC3}.Release|Any CPU.Build.0 = Release|Any CPU
		{38796833-6C6D-44F0-8544-4E3CF7CC9D3A}.Debug|Any CPU.ActiveCfg = Debug|Any CPU
		{38796833-6C6D-44F0-8544-4E3CF7CC9D3A}.Debug|Any CPU.Build.0 = Debug|Any CPU
		{38796833-6C6D-44F0-8544-4E3CF7CC9D3A}.Release|Any CPU.ActiveCfg = Release|Any CPU
		{38796833-6C6D-44F0-8544-4E3CF7CC9D3A}.Release|Any CPU.Build.0 = Release|Any CPU
		{4F660FA1-5859-4151-BE81-2A4377D830A6}.Debug|Any CPU.ActiveCfg = Debug|Any CPU
		{4F660FA1-5859-4151-BE81-2A4377D830A6}.Debug|Any CPU.Build.0 = Debug|Any CPU
		{4F660FA1-5859-4151-BE81-2A4377D830A6}.Release|Any CPU.ActiveCfg = Release|Any CPU
		{4F660FA1-5859-4151-BE81-2A4377D830A6}.Release|Any CPU.Build.0 = Release|Any CPU
		{A23ABC7D-330D-41E4-B622-7D95C1C19FCC}.Debug|Any CPU.ActiveCfg = Debug|Any CPU
		{A23ABC7D-330D-41E4-B622-7D95C1C19FCC}.Debug|Any CPU.Build.0 = Debug|Any CPU
		{A23ABC7D-330D-41E4-B622-7D95C1C19FCC}.Release|Any CPU.ActiveCfg = Release|Any CPU
		{A23ABC7D-330D-41E4-B622-7D95C1C19FCC}.Release|Any CPU.Build.0 = Release|Any CPU
		{A325A45E-07AC-4075-83F2-A1AA3F99E00D}.Debug|Any CPU.ActiveCfg = Debug|Any CPU
		{A325A45E-07AC-4075-83F2-A1AA3F99E00D}.Debug|Any CPU.Build.0 = Debug|Any CPU
		{A325A45E-07AC-4075-83F2-A1AA3F99E00D}.Release|Any CPU.ActiveCfg = Release|Any CPU
		{A325A45E-07AC-4075-83F2-A1AA3F99E00D}.Release|Any CPU.Build.0 = Release|Any CPU
		{F24B5419-858D-42D5-B584-95B1EF8E94B6}.Debug|Any CPU.ActiveCfg = Debug|Any CPU
		{F24B5419-858D-42D5-B584-95B1EF8E94B6}.Debug|Any CPU.Build.0 = Debug|Any CPU
		{F24B5419-858D-42D5-B584-95B1EF8E94B6}.Release|Any CPU.ActiveCfg = Release|Any CPU
		{F24B5419-858D-42D5-B584-95B1EF8E94B6}.Release|Any CPU.Build.0 = Release|Any CPU
		{A68579DA-5687-4E11-BA77-7B8161BE390D}.Debug|Any CPU.ActiveCfg = Debug|Any CPU
		{A68579DA-5687-4E11-BA77-7B8161BE390D}.Debug|Any CPU.Build.0 = Debug|Any CPU
		{A68579DA-5687-4E11-BA77-7B8161BE390D}.Release|Any CPU.ActiveCfg = Release|Any CPU
		{A68579DA-5687-4E11-BA77-7B8161BE390D}.Release|Any CPU.Build.0 = Release|Any CPU
		{A5277013-E66A-4D12-964B-9C301F111C74}.Debug|Any CPU.ActiveCfg = Debug|Any CPU
		{A5277013-E66A-4D12-964B-9C301F111C74}.Debug|Any CPU.Build.0 = Debug|Any CPU
		{A5277013-E66A-4D12-964B-9C301F111C74}.Release|Any CPU.ActiveCfg = Release|Any CPU
		{A5277013-E66A-4D12-964B-9C301F111C74}.Release|Any CPU.Build.0 = Release|Any CPU
		{1ECD9869-E180-4260-9043-CE082DE7B72C}.Debug|Any CPU.ActiveCfg = Debug|Any CPU
		{1ECD9869-E180-4260-9043-CE082DE7B72C}.Debug|Any CPU.Build.0 = Debug|Any CPU
		{1ECD9869-E180-4260-9043-CE082DE7B72C}.Release|Any CPU.ActiveCfg = Release|Any CPU
		{1ECD9869-E180-4260-9043-CE082DE7B72C}.Release|Any CPU.Build.0 = Release|Any CPU
		{FA0C2C45-5206-4377-8479-480A1E419BA9}.Debug|Any CPU.ActiveCfg = Debug|Any CPU
		{FA0C2C45-5206-4377-8479-480A1E419BA9}.Debug|Any CPU.Build.0 = Debug|Any CPU
		{FA0C2C45-5206-4377-8479-480A1E419BA9}.Release|Any CPU.ActiveCfg = Release|Any CPU
		{FA0C2C45-5206-4377-8479-480A1E419BA9}.Release|Any CPU.Build.0 = Release|Any CPU
		{4FC27508-FF64-49A6-9070-1B6EF5B28507}.Debug|Any CPU.ActiveCfg = Debug|Any CPU
		{4FC27508-FF64-49A6-9070-1B6EF5B28507}.Debug|Any CPU.Build.0 = Debug|Any CPU
		{4FC27508-FF64-49A6-9070-1B6EF5B28507}.Release|Any CPU.ActiveCfg = Release|Any CPU
		{4FC27508-FF64-49A6-9070-1B6EF5B28507}.Release|Any CPU.Build.0 = Release|Any CPU
		{68F2D5D7-B658-4BE4-A051-D960452A1760}.Debug|Any CPU.ActiveCfg = Debug|Any CPU
		{68F2D5D7-B658-4BE4-A051-D960452A1760}.Debug|Any CPU.Build.0 = Debug|Any CPU
		{68F2D5D7-B658-4BE4-A051-D960452A1760}.Release|Any CPU.ActiveCfg = Release|Any CPU
		{68F2D5D7-B658-4BE4-A051-D960452A1760}.Release|Any CPU.Build.0 = Release|Any CPU
		{3D295E08-94A2-4E2E-BCFD-2668AB74C364}.Debug|Any CPU.ActiveCfg = Debug|Any CPU
		{3D295E08-94A2-4E2E-BCFD-2668AB74C364}.Debug|Any CPU.Build.0 = Debug|Any CPU
		{3D295E08-94A2-4E2E-BCFD-2668AB74C364}.Release|Any CPU.ActiveCfg = Release|Any CPU
		{3D295E08-94A2-4E2E-BCFD-2668AB74C364}.Release|Any CPU.Build.0 = Release|Any CPU
		{F307523B-754B-418C-8A77-E8C7D429F3A0}.Debug|Any CPU.ActiveCfg = Debug|Any CPU
		{F307523B-754B-418C-8A77-E8C7D429F3A0}.Debug|Any CPU.Build.0 = Debug|Any CPU
		{F307523B-754B-418C-8A77-E8C7D429F3A0}.Release|Any CPU.ActiveCfg = Release|Any CPU
		{F307523B-754B-418C-8A77-E8C7D429F3A0}.Release|Any CPU.Build.0 = Release|Any CPU
		{9E1B3C92-5EF2-4B6F-BCCF-00D2D17824A0}.Debug|Any CPU.ActiveCfg = Debug|Any CPU
		{9E1B3C92-5EF2-4B6F-BCCF-00D2D17824A0}.Debug|Any CPU.Build.0 = Debug|Any CPU
		{9E1B3C92-5EF2-4B6F-BCCF-00D2D17824A0}.Release|Any CPU.ActiveCfg = Release|Any CPU
		{9E1B3C92-5EF2-4B6F-BCCF-00D2D17824A0}.Release|Any CPU.Build.0 = Release|Any CPU
	EndGlobalSection
	GlobalSection(SolutionProperties) = preSolution
		HideSolutionNode = FALSE
	EndGlobalSection
	GlobalSection(CodealikeProperties) = postSolution
		SolutionGuid = 61e50f52-97f0-403e-bbdd-99f30af3d1df
	EndGlobalSection
EndGlobal
